
Microsoft Visual Studio Solution File, Format Version 12.00
# Visual Studio Version 17
VisualStudioVersion = 17.9.34607.119
MinimumVisualStudioVersion = 10.0.40219.1
Project("{2150E333-8FDC-42A3-9474-1A3956D46DE8}") = "Catalog", "Catalog", "{F45F8285-FB27-44AC-8D5E-B1234FC3E3B4}"
EndProject
Project("{FAE04EC0-301F-11D3-BF4B-00C04F79EFBC}") = "Catalog.Web", "Catalog\Catalog.Web\Catalog.Web.csproj", "{E5C50264-3BAA-4F90-99C6-8E6A6DBD8A2C}"
EndProject
Project("{2150E333-8FDC-42A3-9474-1A3956D46DE8}") = "Shared", "Shared", "{50205534-8220-4257-A30E-BE3A0E3D892A}"
EndProject
Project("{FAE04EC0-301F-11D3-BF4B-00C04F79EFBC}") = "Catalog.Infrastructure", "Catalog\Catalog.Infrastructure\Catalog.Infrastructure.csproj", "{4D1330B5-D27D-4735-B727-996AE7DE14E5}"
EndProject
Project("{9A19103F-16F7-4668-BE54-9A1E7A4F7556}") = "Catalog.Application", "Catalog\Catalog.Application\Catalog.Application.csproj", "{C66D4E4B-F463-4EE7-9BFE-D4B2E5E06614}"
EndProject
Project("{9A19103F-16F7-4668-BE54-9A1E7A4F7556}") = "Catalog.Domain", "Catalog\Catalog.Domain\Catalog.Domain.csproj", "{948ACF16-6CB4-49FE-BDA6-166E0E3A26CD}"
EndProject
Project("{9A19103F-16F7-4668-BE54-9A1E7A4F7556}") = "LDCR.Bootstrapper", "LDCR.Bootstrapper\LDCR.Bootstrapper.csproj", "{88228BBA-2F5E-44F3-8E1E-851E6DB5B81D}"
EndProject
Project("{9A19103F-16F7-4668-BE54-9A1E7A4F7556}") = "LDCR.Shared", "Shared\LDCR.Shared\LDCR.Shared.csproj", "{F33A8CD4-0225-472C-B8D2-6C8E5A5713C7}"
EndProject
Project("{9A19103F-16F7-4668-BE54-9A1E7A4F7556}") = "LDCR.Infrastructure", "Shared\LDCR.Infrastructure\LDCR.Infrastructure.csproj", "{18EE32C9-10AE-4E42-B9F3-B07C1E374B5A}"
EndProject
Project("{FAE04EC0-301F-11D3-BF4B-00C04F79EFBC}") = "LDCR.Domain", "Shared\LDCR.Domain\LDCR.Domain.csproj", "{65859777-E851-4FDF-B556-950A215B9AE1}"
EndProject
Global
	GlobalSection(SolutionConfigurationPlatforms) = preSolution
		Debug|Any CPU = Debug|Any CPU
		Release|Any CPU = Release|Any CPU
	EndGlobalSection
	GlobalSection(ProjectConfigurationPlatforms) = postSolution
		{E5C50264-3BAA-4F90-99C6-8E6A6DBD8A2C}.Debug|Any CPU.ActiveCfg = Debug|Any CPU
		{E5C50264-3BAA-4F90-99C6-8E6A6DBD8A2C}.Debug|Any CPU.Build.0 = Debug|Any CPU
		{E5C50264-3BAA-4F90-99C6-8E6A6DBD8A2C}.Release|Any CPU.ActiveCfg = Release|Any CPU
		{E5C50264-3BAA-4F90-99C6-8E6A6DBD8A2C}.Release|Any CPU.Build.0 = Release|Any CPU
		{4D1330B5-D27D-4735-B727-996AE7DE14E5}.Debug|Any CPU.ActiveCfg = Debug|Any CPU
		{4D1330B5-D27D-4735-B727-996AE7DE14E5}.Debug|Any CPU.Build.0 = Debug|Any CPU
		{4D1330B5-D27D-4735-B727-996AE7DE14E5}.Release|Any CPU.ActiveCfg = Release|Any CPU
		{4D1330B5-D27D-4735-B727-996AE7DE14E5}.Release|Any CPU.Build.0 = Release|Any CPU
		{C66D4E4B-F463-4EE7-9BFE-D4B2E5E06614}.Debug|Any CPU.ActiveCfg = Debug|Any CPU
		{C66D4E4B-F463-4EE7-9BFE-D4B2E5E06614}.Debug|Any CPU.Build.0 = Debug|Any CPU
		{C66D4E4B-F463-4EE7-9BFE-D4B2E5E06614}.Release|Any CPU.ActiveCfg = Release|Any CPU
		{C66D4E4B-F463-4EE7-9BFE-D4B2E5E06614}.Release|Any CPU.Build.0 = Release|Any CPU
		{948ACF16-6CB4-49FE-BDA6-166E0E3A26CD}.Debug|Any CPU.ActiveCfg = Debug|Any CPU
		{948ACF16-6CB4-49FE-BDA6-166E0E3A26CD}.Debug|Any CPU.Build.0 = Debug|Any CPU
		{948ACF16-6CB4-49FE-BDA6-166E0E3A26CD}.Release|Any CPU.ActiveCfg = Release|Any CPU
		{948ACF16-6CB4-49FE-BDA6-166E0E3A26CD}.Release|Any CPU.Build.0 = Release|Any CPU
		{88228BBA-2F5E-44F3-8E1E-851E6DB5B81D}.Debug|Any CPU.ActiveCfg = Debug|Any CPU
		{88228BBA-2F5E-44F3-8E1E-851E6DB5B81D}.Debug|Any CPU.Build.0 = Debug|Any CPU
		{88228BBA-2F5E-44F3-8E1E-851E6DB5B81D}.Release|Any CPU.ActiveCfg = Release|Any CPU
		{88228BBA-2F5E-44F3-8E1E-851E6DB5B81D}.Release|Any CPU.Build.0 = Release|Any CPU
		{F33A8CD4-0225-472C-B8D2-6C8E5A5713C7}.Debug|Any CPU.ActiveCfg = Debug|Any CPU
		{F33A8CD4-0225-472C-B8D2-6C8E5A5713C7}.Debug|Any CPU.Build.0 = Debug|Any CPU
		{F33A8CD4-0225-472C-B8D2-6C8E5A5713C7}.Release|Any CPU.ActiveCfg = Release|Any CPU
		{F33A8CD4-0225-472C-B8D2-6C8E5A5713C7}.Release|Any CPU.Build.0 = Release|Any CPU
		{18EE32C9-10AE-4E42-B9F3-B07C1E374B5A}.Debug|Any CPU.ActiveCfg = Debug|Any CPU
		{18EE32C9-10AE-4E42-B9F3-B07C1E374B5A}.Debug|Any CPU.Build.0 = Debug|Any CPU
		{18EE32C9-10AE-4E42-B9F3-B07C1E374B5A}.Release|Any CPU.ActiveCfg = Release|Any CPU
		{18EE32C9-10AE-4E42-B9F3-B07C1E374B5A}.Release|Any CPU.Build.0 = Release|Any CPU
		{65859777-E851-4FDF-B556-950A215B9AE1}.Debug|Any CPU.ActiveCfg = Debug|Any CPU
		{65859777-E851-4FDF-B556-950A215B9AE1}.Debug|Any CPU.Build.0 = Debug|Any CPU
		{65859777-E851-4FDF-B556-950A215B9AE1}.Release|Any CPU.ActiveCfg = Release|Any CPU
		{65859777-E851-4FDF-B556-950A215B9AE1}.Release|Any CPU.Build.0 = Release|Any CPU
	EndGlobalSection
	GlobalSection(SolutionProperties) = preSolution
		HideSolutionNode = FALSE
	EndGlobalSection
	GlobalSection(NestedProjects) = preSolution
		{E5C50264-3BAA-4F90-99C6-8E6A6DBD8A2C} = {F45F8285-FB27-44AC-8D5E-B1234FC3E3B4}
		{4D1330B5-D27D-4735-B727-996AE7DE14E5} = {F45F8285-FB27-44AC-8D5E-B1234FC3E3B4}
		{C66D4E4B-F463-4EE7-9BFE-D4B2E5E06614} = {F45F8285-FB27-44AC-8D5E-B1234FC3E3B4}
		{948ACF16-6CB4-49FE-BDA6-166E0E3A26CD} = {F45F8285-FB27-44AC-8D5E-B1234FC3E3B4}
		{F33A8CD4-0225-472C-B8D2-6C8E5A5713C7} = {50205534-8220-4257-A30E-BE3A0E3D892A}
		{18EE32C9-10AE-4E42-B9F3-B07C1E374B5A} = {50205534-8220-4257-A30E-BE3A0E3D892A}
		{65859777-E851-4FDF-B556-950A215B9AE1} = {50205534-8220-4257-A30E-BE3A0E3D892A}
	EndGlobalSection
	GlobalSection(ExtensibilityGlobals) = postSolution
		SolutionGuid = {59C40984-A77F-4C79-8FF4-51583BA47A2C}
	EndGlobalSection
EndGlobal
